
Microsoft Visual Studio Solution File, Format Version 12.00
# Visual Studio Version 17
VisualStudioVersion = 17.5.002.0
MinimumVisualStudioVersion = 10.0.40219.1
Project("{9A19103F-16F7-4668-BE54-9A1E7A4F7556}") = "PrimeiroProjeto", "PrimeiroProjeto.csproj", "{AC854C9E-BC0C-425F-B5FD-BB308E598B44}"
EndProject
Global
	GlobalSection(SolutionConfigurationPlatforms) = preSolution
		Debug|Any CPU = Debug|Any CPU
		Release|Any CPU = Release|Any CPU
	EndGlobalSection
	GlobalSection(ProjectConfigurationPlatforms) = postSolution
		{AC854C9E-BC0C-425F-B5FD-BB308E598B44}.Debug|Any CPU.ActiveCfg = Debug|Any CPU
		{AC854C9E-BC0C-425F-B5FD-BB308E598B44}.Debug|Any CPU.Build.0 = Debug|Any CPU
		{AC854C9E-BC0C-425F-B5FD-BB308E598B44}.Release|Any CPU.ActiveCfg = Release|Any CPU
		{AC854C9E-BC0C-425F-B5FD-BB308E598B44}.Release|Any CPU.Build.0 = Release|Any CPU
	EndGlobalSection
	GlobalSection(SolutionProperties) = preSolution
		HideSolutionNode = FALSE
	EndGlobalSection
	GlobalSection(ExtensibilityGlobals) = postSolution
		SolutionGuid = {0617A1EE-6CCC-4F15-BE55-DE95E85A9214}
	EndGlobalSection
EndGlobal
